# THIS IS AN AUTOGENERATED FILE. DO NOT EDIT THIS FILE DIRECTLY.
# yarn lockfile v1


bootstrap@4.0.0-alpha.2:
  version "4.0.0-alpha.2"
  resolved "https://registry.yarnpkg.com/bootstrap/-/bootstrap-4.0.0-alpha.2.tgz#1238dd5c482d2545f2be78ab0d98731eb93e50c1"
  integrity sha1-EjjdXEgtJUXyvnirDZhzHrk+UME=
